<?xml version="1.0" encoding="utf-8"?>
<Project ToolsVersion="4.0" xmlns="http://schemas.microsoft.com/developer/msbuild/2003">
  <ItemGroup>
    <Filter Include="Common">
      <UniqueIdentifier>80a84cd0-a58c-4a78-84f7-573dd0903dca</UniqueIdentifier>
    </Filter>
    <Filter Include="Assets">
      <UniqueIdentifier>8a34dacd-eea3-4ee1-8a95-fb2caf1eb9d6</UniqueIdentifier>
      <Extensions>ico;cur;bmp;dds;dlg;fbx;rct;bin;rgs;gif;jpg;jpeg;jpe;resx;tga;tiff;tif;png;wav;mfcribbon-ms</Extensions>
    </Filter>
  </ItemGroup>
  <ItemGroup>
    <ClInclude Include="pch.h" />
    <ClInclude Include="Game.h" />
    <ClInclude Include="StepTimer.h">
      <Filter>Common</Filter>
    </ClInclude>
    <ClInclude Include="DeviceResources.h">
      <Filter>Common</Filter>
    </ClInclude>
    <ClInclude Include="d3dx12.h">
      <Filter>Common</Filter>
    </ClInclude>
    <ClInclude Include="ATGColors.h">
      <Filter>Common</Filter>
    </ClInclude>
    <ClInclude Include="FindMedia.h">
      <Filter>Common</Filter>
    </ClInclude>
    <ClInclude Include="ReadData.h">
      <Filter>Common</Filter>
    </ClInclude>
  </ItemGroup>
  <ItemGroup>
    <ClCompile Include="pch.cpp" />
    <ClCompile Include="Game.cpp" />
    <ClCompile Include="Main.cpp" />
    <ClCompile Include="DeviceResources.cpp">
      <Filter>Common</Filter>
    </ClCompile>
  </ItemGroup>
  <ItemGroup>
    <ResourceCompile Include="resource.rc" />
  </ItemGroup>
  <ItemGroup>
    <Image Include="directx.ico">
      <Filter>Assets</Filter>
    </Image>
    <Image Include="Assets\Background.jpg">
      <Filter>Assets</Filter>
    </Image>
  </ItemGroup>
  <ItemGroup>
    <Manifest Include="settings.manifest">
      <Filter>Assets</Filter>
    </Manifest>
  </ItemGroup>
  <ItemGroup>
    <None Include="packages.config" />
    <None Include="Assets\a2-sharplarge-italic.spritefont">
      <Filter>Assets</Filter>
    </None>
    <None Include="Assets\a2.spritefont">
      <Filter>Assets</Filter>
    </None>
    <None Include="Assets\a2sharp.spritefont">
      <Filter>Assets</Filter>
    </None>
    <None Include="Assets\a2-sharplarge.spritefont">
      <Filter>Assets</Filter>
    </None>
    <None Include="Assets\a2-sharplarge-bold.spritefont">
      <Filter>Assets</Filter>
    </None>
    <None Include="Assets\a2-sharplarge-bolditalic.spritefont">
      <Filter>Assets</Filter>
    </None>
  </ItemGroup>
</Project>